// !$*UTF8*$!
{
	archiveVersion = 1;
	classes = {
	};
	objectVersion = 56;
	objects = {

/* Begin PBXGroup section */
		E79E4E992C6F2BDB00CE8CAA = {
			isa = PBXGroup;
			children = (
			);
			sourceTree = "<group>";
		};
/* End PBXGroup section */

/* Begin PBXProject section */
		E79E4E9A2C6F2BDB00CE8CAA /* Project object */ = {
			isa = PBXProject;
			attributes = {
				BuildIndependentTargetsInParallel = 1;
				LastUpgradeCheck = 1540;
			};
			buildConfigurationList = E79E4E9D2C6F2BDB00CE8CAA /* Build configuration list for PBXProject "Learn Swift Language" */;
			compatibilityVersion = "Xcode 14.0";
			developmentRegion = en;
			hasScannedForEncodings = 0;
			knownRegions = (
				en,
				Base,
			);
			mainGroup = E79E4E992C6F2BDB00CE8CAA;
			projectDirPath = "";
			projectRoot = "";
			targets = (
			);
		};
/* End PBXProject section */

/* Begin XCBuildConfiguration section */
		E79E4E9E2C6F2BDB00CE8CAA /* Debug */ = {
			isa = XCBuildConfiguration;
			buildSettings = {
			};
			name = Debug;
		};
		E79E4E9F2C6F2BDB00CE8CAA /* Release */ = {
			isa = XCBuildConfiguration;
			buildSettings = {
			};
			name = Release;
		};
/* End XCBuildConfiguration section */

/* Begin XCConfigurationList section */
		E79E4E9D2C6F2BDB00CE8CAA /* Build configuration list for PBXProject "Learn Swift Language" */ = {
			isa = XCConfigurationList;
			buildConfigurations = (
				E79E4E9E2C6F2BDB00CE8CAA /* Debug */,
				E79E4E9F2C6F2BDB00CE8CAA /* Release */,
			);
			defaultConfigurationIsVisible = 0;
			defaultConfigurationName = Release;
		};
/* End XCConfigurationList section */
	};
	rootObject = E79E4E9A2C6F2BDB00CE8CAA /* Project object */;
}
